// !$*UTF8*$!
{
	archiveVersion = 1;
	classes = {
	};
	objectVersion = 51;
	objects = {

/* Begin PBXBuildFile section */
		5466AC3A253A523F00B852D7 /* TableViewCell.swift in Sources */ = {isa = PBXBuildFile; fileRef = 5466AC39253A523F00B852D7 /* TableViewCell.swift */; };
		54868680253B84DD00A70E39 /* Settings.bundle in Resources */ = {isa = PBXBuildFile; fileRef = 5486867F253B84DD00A70E39 /* Settings.bundle */; };
		54868685253B855A00A70E39 /* Constants.swift in Sources */ = {isa = PBXBuildFile; fileRef = 54868684253B855A00A70E39 /* Constants.swift */; };
		5486868E253B98C900A70E39 /* Annotation.swift in Sources */ = {isa = PBXBuildFile; fileRef = 5486868D253B98C900A70E39 /* Annotation.swift */; };
		54868695253FA5CC00A70E39 /* ListCell.swift in Sources */ = {isa = PBXBuildFile; fileRef = 54868694253FA5CC00A70E39 /* ListCell.swift */; };
		5486869B2543B21F00A70E39 /* TableViewController.swift in Sources */ = {isa = PBXBuildFile; fileRef = 5486869A2543B21F00A70E39 /* TableViewController.swift */; };
		54D08729253A4C6300C16D7C /* AppDelegate.swift in Sources */ = {isa = PBXBuildFile; fileRef = 54D08728253A4C6300C16D7C /* AppDelegate.swift */; };
		54D0872D253A4C6300C16D7C /* MainViewController.swift in Sources */ = {isa = PBXBuildFile; fileRef = 54D0872C253A4C6300C16D7C /* MainViewController.swift */; };
		54D08733253A4C6300C16D7C /* Finances.xcdatamodeld in Sources */ = {isa = PBXBuildFile; fileRef = 54D08731253A4C6300C16D7C /* Finances.xcdatamodeld */; };
		54D08735253A4C6400C16D7C /* Assets.xcassets in Resources */ = {isa = PBXBuildFile; fileRef = 54D08734253A4C6400C16D7C /* Assets.xcassets */; };
		54D08738253A4C6400C16D7C /* LaunchScreen.storyboard in Resources */ = {isa = PBXBuildFile; fileRef = 54D08736253A4C6400C16D7C /* LaunchScreen.storyboard */; };
		54D08743253A4C6400C16D7C /* FinancesTests.swift in Sources */ = {isa = PBXBuildFile; fileRef = 54D08742253A4C6400C16D7C /* FinancesTests.swift */; };
		54D0874E253A4C6400C16D7C /* FinancesUITests.swift in Sources */ = {isa = PBXBuildFile; fileRef = 54D0874D253A4C6400C16D7C /* FinancesUITests.swift */; };
		54D0877D253A517800C16D7C /* ViewController.swift in Sources */ = {isa = PBXBuildFile; fileRef = 54D0877C253A517800C16D7C /* ViewController.swift */; };
		54D08785253A51BE00C16D7C /* ViewControllerDelegate.swift in Sources */ = {isa = PBXBuildFile; fileRef = 54D08784253A51BE00C16D7C /* ViewControllerDelegate.swift */; };
		54F7F8BF2544BEF80008F778 /* ListViewModel.swift in Sources */ = {isa = PBXBuildFile; fileRef = 54F7F8BE2544BEF80008F778 /* ListViewModel.swift */; };
		54F7F8C62544BF320008F778 /* ListViewPresentable.swift in Sources */ = {isa = PBXBuildFile; fileRef = 54F7F8C52544BF320008F778 /* ListViewPresentable.swift */; };
		54F7F8F52544CF220008F778 /* NewItemViewController.swift in Sources */ = {isa = PBXBuildFile; fileRef = 54F7F8F42544CF220008F778 /* NewItemViewController.swift */; };
		54F7F8FD2544CF590008F778 /* TextField.swift in Sources */ = {isa = PBXBuildFile; fileRef = 54F7F8FC2544CF590008F778 /* TextField.swift */; };
		54F7F90A2544E0BF0008F778 /* ItemModel.swift in Sources */ = {isa = PBXBuildFile; fileRef = 54F7F8EA2544C9AC0008F778 /* ItemModel.swift */; };
		54F7F9212544E1CB0008F778 /* NewItemViewModel.swift in Sources */ = {isa = PBXBuildFile; fileRef = 54F7F90E2544E14D0008F778 /* NewItemViewModel.swift */; };
		54F7F9272544E21C0008F778 /* NewItemPresentable.swift in Sources */ = {isa = PBXBuildFile; fileRef = 54F7F9262544E21C0008F778 /* NewItemPresentable.swift */; };
		54F99852253B6C8D00349BC6 /* ListViewController.swift in Sources */ = {isa = PBXBuildFile; fileRef = 54F99851253B6C8D00349BC6 /* ListViewController.swift */; };
		54F9985A253B6D4B00349BC6 /* MapViewController.swift in Sources */ = {isa = PBXBuildFile; fileRef = 54F99859253B6D4B00349BC6 /* MapViewController.swift */; };
		54F9985F253B6D9200349BC6 /* SettingsViewController.swift in Sources */ = {isa = PBXBuildFile; fileRef = 54F9985E253B6D9200349BC6 /* SettingsViewController.swift */; };
		54F9986A253B6DF500349BC6 /* AboutViewController.swift in Sources */ = {isa = PBXBuildFile; fileRef = 54F99869253B6DF500349BC6 /* AboutViewController.swift */; };
		54F99871253B719700349BC6 /* UIView+Extensions.swift in Sources */ = {isa = PBXBuildFile; fileRef = 54F9986F253B719700349BC6 /* UIView+Extensions.swift */; };
		54F99872253B719700349BC6 /* StackView+Extensions.swift in Sources */ = {isa = PBXBuildFile; fileRef = 54F99870253B719700349BC6 /* StackView+Extensions.swift */; };
		54F998C2253B73F300349BC6 /* UIApplication+Extensions.swift in Sources */ = {isa = PBXBuildFile; fileRef = 54F998C1253B73F300349BC6 /* UIApplication+Extensions.swift */; };
		54F998C7253B827800349BC6 /* UIColor+Extensions.swift in Sources */ = {isa = PBXBuildFile; fileRef = 54F998C6253B827800349BC6 /* UIColor+Extensions.swift */; };
		7572628AC0B899AF1BD7DAA5 /* Pods_Finances_FinancesUITests.framework in Frameworks */ = {isa = PBXBuildFile; fileRef = 3135E6E64C744934CE2C1BFB /* Pods_Finances_FinancesUITests.framework */; };
		D9DF7CAF5F37BC014BD14E8F /* Pods_FinancesTests.framework in Frameworks */ = {isa = PBXBuildFile; fileRef = 2DF929F35368344F34AAA94A /* Pods_FinancesTests.framework */; };
		F3A8306943208BF4ACCD3E88 /* Pods_Finances.framework in Frameworks */ = {isa = PBXBuildFile; fileRef = 7ACE41FE9E6B39F93C9D0DD7 /* Pods_Finances.framework */; };
/* End PBXBuildFile section */

/* Begin PBXContainerItemProxy section */
		54D0873F253A4C6400C16D7C /* PBXContainerItemProxy */ = {
			isa = PBXContainerItemProxy;
			containerPortal = 54D0871D253A4C6300C16D7C /* Project object */;
			proxyType = 1;
			remoteGlobalIDString = 54D08724253A4C6300C16D7C;
			remoteInfo = Finances;
		};
		54D0874A253A4C6400C16D7C /* PBXContainerItemProxy */ = {
			isa = PBXContainerItemProxy;
			containerPortal = 54D0871D253A4C6300C16D7C /* Project object */;
			proxyType = 1;
			remoteGlobalIDString = 54D08724253A4C6300C16D7C;
			remoteInfo = Finances;
		};
/* End PBXContainerItemProxy section */

/* Begin PBXFileReference section */
		154DB9D9528632F102EEB3E4 /* Pods-Finances.release.xcconfig */ = {isa = PBXFileReference; includeInIndex = 1; lastKnownFileType = text.xcconfig; name = "Pods-Finances.release.xcconfig"; path = "Target Support Files/Pods-Finances/Pods-Finances.release.xcconfig"; sourceTree = "<group>"; };
		27BB0DD49C4A2533F05F4735 /* Pods-Finances-FinancesUITests.release.xcconfig */ = {isa = PBXFileReference; includeInIndex = 1; lastKnownFileType = text.xcconfig; name = "Pods-Finances-FinancesUITests.release.xcconfig"; path = "Target Support Files/Pods-Finances-FinancesUITests/Pods-Finances-FinancesUITests.release.xcconfig"; sourceTree = "<group>"; };
		2DF929F35368344F34AAA94A /* Pods_FinancesTests.framework */ = {isa = PBXFileReference; explicitFileType = wrapper.framework; includeInIndex = 0; path = Pods_FinancesTests.framework; sourceTree = BUILT_PRODUCTS_DIR; };
		3135E6E64C744934CE2C1BFB /* Pods_Finances_FinancesUITests.framework */ = {isa = PBXFileReference; explicitFileType = wrapper.framework; includeInIndex = 0; path = Pods_Finances_FinancesUITests.framework; sourceTree = BUILT_PRODUCTS_DIR; };
		4834CFFD007E5102480A7299 /* Pods-FinancesTests.release.xcconfig */ = {isa = PBXFileReference; includeInIndex = 1; lastKnownFileType = text.xcconfig; name = "Pods-FinancesTests.release.xcconfig"; path = "Target Support Files/Pods-FinancesTests/Pods-FinancesTests.release.xcconfig"; sourceTree = "<group>"; };
		5466AC39253A523F00B852D7 /* TableViewCell.swift */ = {isa = PBXFileReference; lastKnownFileType = sourcecode.swift; path = TableViewCell.swift; sourceTree = "<group>"; };
		5486867F253B84DD00A70E39 /* Settings.bundle */ = {isa = PBXFileReference; lastKnownFileType = "wrapper.plug-in"; path = Settings.bundle; sourceTree = "<group>"; };
		54868684253B855A00A70E39 /* Constants.swift */ = {isa = PBXFileReference; lastKnownFileType = sourcecode.swift; path = Constants.swift; sourceTree = "<group>"; };
		5486868D253B98C900A70E39 /* Annotation.swift */ = {isa = PBXFileReference; lastKnownFileType = sourcecode.swift; path = Annotation.swift; sourceTree = "<group>"; };
		54868694253FA5CC00A70E39 /* ListCell.swift */ = {isa = PBXFileReference; lastKnownFileType = sourcecode.swift; path = ListCell.swift; sourceTree = "<group>"; };
		5486869A2543B21F00A70E39 /* TableViewController.swift */ = {isa = PBXFileReference; lastKnownFileType = sourcecode.swift; path = TableViewController.swift; sourceTree = "<group>"; };
		54D08725253A4C6300C16D7C /* Finances.app */ = {isa = PBXFileReference; explicitFileType = wrapper.application; includeInIndex = 0; path = Finances.app; sourceTree = BUILT_PRODUCTS_DIR; };
		54D08728253A4C6300C16D7C /* AppDelegate.swift */ = {isa = PBXFileReference; lastKnownFileType = sourcecode.swift; path = AppDelegate.swift; sourceTree = "<group>"; };
		54D0872C253A4C6300C16D7C /* MainViewController.swift */ = {isa = PBXFileReference; lastKnownFileType = sourcecode.swift; path = MainViewController.swift; sourceTree = "<group>"; };
		54D08732253A4C6300C16D7C /* Finances.xcdatamodel */ = {isa = PBXFileReference; lastKnownFileType = wrapper.xcdatamodel; path = Finances.xcdatamodel; sourceTree = "<group>"; };
		54D08734253A4C6400C16D7C /* Assets.xcassets */ = {isa = PBXFileReference; lastKnownFileType = folder.assetcatalog; path = Assets.xcassets; sourceTree = "<group>"; };
		54D08737253A4C6400C16D7C /* Base */ = {isa = PBXFileReference; lastKnownFileType = file.storyboard; name = Base; path = Base.lproj/LaunchScreen.storyboard; sourceTree = "<group>"; };
		54D08739253A4C6400C16D7C /* Info.plist */ = {isa = PBXFileReference; lastKnownFileType = text.plist.xml; path = Info.plist; sourceTree = "<group>"; };
		54D0873E253A4C6400C16D7C /* FinancesTests.xctest */ = {isa = PBXFileReference; explicitFileType = wrapper.cfbundle; includeInIndex = 0; path = FinancesTests.xctest; sourceTree = BUILT_PRODUCTS_DIR; };
		54D08742253A4C6400C16D7C /* FinancesTests.swift */ = {isa = PBXFileReference; lastKnownFileType = sourcecode.swift; path = FinancesTests.swift; sourceTree = "<group>"; };
		54D08744253A4C6400C16D7C /* Info.plist */ = {isa = PBXFileReference; lastKnownFileType = text.plist.xml; path = Info.plist; sourceTree = "<group>"; };
		54D08749253A4C6400C16D7C /* FinancesUITests.xctest */ = {isa = PBXFileReference; explicitFileType = wrapper.cfbundle; includeInIndex = 0; path = FinancesUITests.xctest; sourceTree = BUILT_PRODUCTS_DIR; };
		54D0874D253A4C6400C16D7C /* FinancesUITests.swift */ = {isa = PBXFileReference; lastKnownFileType = sourcecode.swift; path = FinancesUITests.swift; sourceTree = "<group>"; };
		54D0874F253A4C6400C16D7C /* Info.plist */ = {isa = PBXFileReference; lastKnownFileType = text.plist.xml; path = Info.plist; sourceTree = "<group>"; };
		54D0877C253A517800C16D7C /* ViewController.swift */ = {isa = PBXFileReference; lastKnownFileType = sourcecode.swift; path = ViewController.swift; sourceTree = "<group>"; };
		54D08784253A51BE00C16D7C /* ViewControllerDelegate.swift */ = {isa = PBXFileReference; lastKnownFileType = sourcecode.swift; path = ViewControllerDelegate.swift; sourceTree = "<group>"; };
		54F7F8BE2544BEF80008F778 /* ListViewModel.swift */ = {isa = PBXFileReference; lastKnownFileType = sourcecode.swift; path = ListViewModel.swift; sourceTree = "<group>"; };
		54F7F8C52544BF320008F778 /* ListViewPresentable.swift */ = {isa = PBXFileReference; lastKnownFileType = sourcecode.swift; path = ListViewPresentable.swift; sourceTree = "<group>"; };
		54F7F8EA2544C9AC0008F778 /* ItemModel.swift */ = {isa = PBXFileReference; lastKnownFileType = sourcecode.swift; path = ItemModel.swift; sourceTree = "<group>"; };
		54F7F8F42544CF220008F778 /* NewItemViewController.swift */ = {isa = PBXFileReference; lastKnownFileType = sourcecode.swift; path = NewItemViewController.swift; sourceTree = "<group>"; };
		54F7F8FC2544CF590008F778 /* TextField.swift */ = {isa = PBXFileReference; lastKnownFileType = sourcecode.swift; path = TextField.swift; sourceTree = "<group>"; };
		54F7F90E2544E14D0008F778 /* NewItemViewModel.swift */ = {isa = PBXFileReference; lastKnownFileType = sourcecode.swift; path = NewItemViewModel.swift; sourceTree = "<group>"; };
		54F7F9262544E21C0008F778 /* NewItemPresentable.swift */ = {isa = PBXFileReference; lastKnownFileType = sourcecode.swift; path = NewItemPresentable.swift; sourceTree = "<group>"; };
		54F99851253B6C8D00349BC6 /* ListViewController.swift */ = {isa = PBXFileReference; lastKnownFileType = sourcecode.swift; path = ListViewController.swift; sourceTree = "<group>"; };
		54F99859253B6D4B00349BC6 /* MapViewController.swift */ = {isa = PBXFileReference; lastKnownFileType = sourcecode.swift; path = MapViewController.swift; sourceTree = "<group>"; };
		54F9985E253B6D9200349BC6 /* SettingsViewController.swift */ = {isa = PBXFileReference; lastKnownFileType = sourcecode.swift; path = SettingsViewController.swift; sourceTree = "<group>"; };
		54F99869253B6DF500349BC6 /* AboutViewController.swift */ = {isa = PBXFileReference; lastKnownFileType = sourcecode.swift; path = AboutViewController.swift; sourceTree = "<group>"; };
		54F9986F253B719700349BC6 /* UIView+Extensions.swift */ = {isa = PBXFileReference; fileEncoding = 4; lastKnownFileType = sourcecode.swift; path = "UIView+Extensions.swift"; sourceTree = "<group>"; };
		54F99870253B719700349BC6 /* StackView+Extensions.swift */ = {isa = PBXFileReference; fileEncoding = 4; lastKnownFileType = sourcecode.swift; path = "StackView+Extensions.swift"; sourceTree = "<group>"; };
		54F998C1253B73F300349BC6 /* UIApplication+Extensions.swift */ = {isa = PBXFileReference; lastKnownFileType = sourcecode.swift; path = "UIApplication+Extensions.swift"; sourceTree = "<group>"; };
		54F998C6253B827800349BC6 /* UIColor+Extensions.swift */ = {isa = PBXFileReference; lastKnownFileType = sourcecode.swift; path = "UIColor+Extensions.swift"; sourceTree = "<group>"; };
		566C8FAB8BA9BD4FFDFCF64C /* Pods-Finances.debug.xcconfig */ = {isa = PBXFileReference; includeInIndex = 1; lastKnownFileType = text.xcconfig; name = "Pods-Finances.debug.xcconfig"; path = "Target Support Files/Pods-Finances/Pods-Finances.debug.xcconfig"; sourceTree = "<group>"; };
		7ACE41FE9E6B39F93C9D0DD7 /* Pods_Finances.framework */ = {isa = PBXFileReference; explicitFileType = wrapper.framework; includeInIndex = 0; path = Pods_Finances.framework; sourceTree = BUILT_PRODUCTS_DIR; };
		F9D914F173EB4B9D317EFF08 /* Pods-FinancesTests.debug.xcconfig */ = {isa = PBXFileReference; includeInIndex = 1; lastKnownFileType = text.xcconfig; name = "Pods-FinancesTests.debug.xcconfig"; path = "Target Support Files/Pods-FinancesTests/Pods-FinancesTests.debug.xcconfig"; sourceTree = "<group>"; };
		FF41FB874CE13596B3CCBC06 /* Pods-Finances-FinancesUITests.debug.xcconfig */ = {isa = PBXFileReference; includeInIndex = 1; lastKnownFileType = text.xcconfig; name = "Pods-Finances-FinancesUITests.debug.xcconfig"; path = "Target Support Files/Pods-Finances-FinancesUITests/Pods-Finances-FinancesUITests.debug.xcconfig"; sourceTree = "<group>"; };
/* End PBXFileReference section */

/* Begin PBXFrameworksBuildPhase section */
		54D08722253A4C6300C16D7C /* Frameworks */ = {
			isa = PBXFrameworksBuildPhase;
			buildActionMask = 2147483647;
			files = (
				F3A8306943208BF4ACCD3E88 /* Pods_Finances.framework in Frameworks */,
			);
			runOnlyForDeploymentPostprocessing = 0;
		};
		54D0873B253A4C6400C16D7C /* Frameworks */ = {
			isa = PBXFrameworksBuildPhase;
			buildActionMask = 2147483647;
			files = (
				D9DF7CAF5F37BC014BD14E8F /* Pods_FinancesTests.framework in Frameworks */,
			);
			runOnlyForDeploymentPostprocessing = 0;
		};
		54D08746253A4C6400C16D7C /* Frameworks */ = {
			isa = PBXFrameworksBuildPhase;
			buildActionMask = 2147483647;
			files = (
				7572628AC0B899AF1BD7DAA5 /* Pods_Finances_FinancesUITests.framework in Frameworks */,
			);
			runOnlyForDeploymentPostprocessing = 0;
		};
/* End PBXFrameworksBuildPhase section */

/* Begin PBXGroup section */
		5486867E253B84C300A70E39 /* Resources */ = {
			isa = PBXGroup;
			children = (
				5486867F253B84DD00A70E39 /* Settings.bundle */,
				54868684253B855A00A70E39 /* Constants.swift */,
			);
			path = Resources;
			sourceTree = "<group>";
		};
		5486868C253B98BB00A70E39 /* Model */ = {
			isa = PBXGroup;
			children = (
				5486868D253B98C900A70E39 /* Annotation.swift */,
				54F7F8EA2544C9AC0008F778 /* ItemModel.swift */,
			);
			path = Model;
			sourceTree = "<group>";
		};
		54868692253FA59F00A70E39 /* List */ = {
			isa = PBXGroup;
			children = (
				54F7F8C42544BF1F0008F778 /* Protocol */,
				54868693253FA5B800A70E39 /* Cell */,
				54F7F8C32544BEFD0008F778 /* ViewModel */,
				54F99851253B6C8D00349BC6 /* ListViewController.swift */,
			);
			path = List;
			sourceTree = "<group>";
		};
		54868693253FA5B800A70E39 /* Cell */ = {
			isa = PBXGroup;
			children = (
				54868694253FA5CC00A70E39 /* ListCell.swift */,
			);
			path = Cell;
			sourceTree = "<group>";
		};
		54D0871C253A4C6300C16D7C = {
			isa = PBXGroup;
			children = (
				54D08727253A4C6300C16D7C /* Finances */,
				54D08741253A4C6400C16D7C /* FinancesTests */,
				54D0874C253A4C6400C16D7C /* FinancesUITests */,
				54D08726253A4C6300C16D7C /* Products */,
				5E26642DCEE6739FD8A607F8 /* Pods */,
				B0F9153CA3A6525AD247691F /* Frameworks */,
			);
			sourceTree = "<group>";
		};
		54D08726253A4C6300C16D7C /* Products */ = {
			isa = PBXGroup;
			children = (
				54D08725253A4C6300C16D7C /* Finances.app */,
				54D0873E253A4C6400C16D7C /* FinancesTests.xctest */,
				54D08749253A4C6400C16D7C /* FinancesUITests.xctest */,
			);
			name = Products;
			sourceTree = "<group>";
		};
		54D08727253A4C6300C16D7C /* Finances */ = {
			isa = PBXGroup;
			children = (
				5486868C253B98BB00A70E39 /* Model */,
				5486867E253B84C300A70E39 /* Resources */,
				54F9986E253B718600349BC6 /* Extensions */,
				54D0877B253A515D00C16D7C /* AbstractClasses */,
				54D08728253A4C6300C16D7C /* AppDelegate.swift */,
				54D0872C253A4C6300C16D7C /* MainViewController.swift */,
				54868692253FA59F00A70E39 /* List */,
				54F7F8F22544CF090008F778 /* NewItem */,
				54F99859253B6D4B00349BC6 /* MapViewController.swift */,
				54F9985E253B6D9200349BC6 /* SettingsViewController.swift */,
				54F99869253B6DF500349BC6 /* AboutViewController.swift */,
				54D08734253A4C6400C16D7C /* Assets.xcassets */,
				54D08736253A4C6400C16D7C /* LaunchScreen.storyboard */,
				54D08739253A4C6400C16D7C /* Info.plist */,
				54D08731253A4C6300C16D7C /* Finances.xcdatamodeld */,
			);
			path = Finances;
			sourceTree = "<group>";
		};
		54D08741253A4C6400C16D7C /* FinancesTests */ = {
			isa = PBXGroup;
			children = (
				54D08742253A4C6400C16D7C /* FinancesTests.swift */,
				54D08744253A4C6400C16D7C /* Info.plist */,
			);
			path = FinancesTests;
			sourceTree = "<group>";
		};
		54D0874C253A4C6400C16D7C /* FinancesUITests */ = {
			isa = PBXGroup;
			children = (
				54D0874D253A4C6400C16D7C /* FinancesUITests.swift */,
				54D0874F253A4C6400C16D7C /* Info.plist */,
			);
			path = FinancesUITests;
			sourceTree = "<group>";
		};
		54D0877B253A515D00C16D7C /* AbstractClasses */ = {
			isa = PBXGroup;
			children = (
				54D08784253A51BE00C16D7C /* ViewControllerDelegate.swift */,
				54D0877C253A517800C16D7C /* ViewController.swift */,
				5486869A2543B21F00A70E39 /* TableViewController.swift */,
				5466AC39253A523F00B852D7 /* TableViewCell.swift */,
				54F7F8FC2544CF590008F778 /* TextField.swift */,
			);
			path = AbstractClasses;
			sourceTree = "<group>";
		};
		54F7F8C32544BEFD0008F778 /* ViewModel */ = {
			isa = PBXGroup;
			children = (
				54F7F8BE2544BEF80008F778 /* ListViewModel.swift */,
			);
			path = ViewModel;
			sourceTree = "<group>";
		};
		54F7F8C42544BF1F0008F778 /* Protocol */ = {
			isa = PBXGroup;
			children = (
				54F7F8C52544BF320008F778 /* ListViewPresentable.swift */,
			);
			path = Protocol;
			sourceTree = "<group>";
		};
		54F7F8F22544CF090008F778 /* NewItem */ = {
			isa = PBXGroup;
			children = (
				54F7F9252544E20C0008F778 /* Protocol */,
				54F7F91A2544E1520008F778 /* ViewModel */,
				54F7F8F32544CF110008F778 /* View */,
			);
			path = NewItem;
			sourceTree = "<group>";
		};
		54F7F8F32544CF110008F778 /* View */ = {
			isa = PBXGroup;
			children = (
				54F7F8F42544CF220008F778 /* NewItemViewController.swift */,
			);
			path = View;
			sourceTree = "<group>";
		};
		54F7F91A2544E1520008F778 /* ViewModel */ = {
			isa = PBXGroup;
			children = (
				54F7F90E2544E14D0008F778 /* NewItemViewModel.swift */,
			);
			path = ViewModel;
			sourceTree = "<group>";
		};
		54F7F9252544E20C0008F778 /* Protocol */ = {
			isa = PBXGroup;
			children = (
				54F7F9262544E21C0008F778 /* NewItemPresentable.swift */,
			);
			path = Protocol;
			sourceTree = "<group>";
		};
		54F9986E253B718600349BC6 /* Extensions */ = {
			isa = PBXGroup;
			children = (
				54F99870253B719700349BC6 /* StackView+Extensions.swift */,
				54F9986F253B719700349BC6 /* UIView+Extensions.swift */,
				54F998C1253B73F300349BC6 /* UIApplication+Extensions.swift */,
				54F998C6253B827800349BC6 /* UIColor+Extensions.swift */,
			);
			path = Extensions;
			sourceTree = "<group>";
		};
		5E26642DCEE6739FD8A607F8 /* Pods */ = {
			isa = PBXGroup;
			children = (
				566C8FAB8BA9BD4FFDFCF64C /* Pods-Finances.debug.xcconfig */,
				154DB9D9528632F102EEB3E4 /* Pods-Finances.release.xcconfig */,
				FF41FB874CE13596B3CCBC06 /* Pods-Finances-FinancesUITests.debug.xcconfig */,
				27BB0DD49C4A2533F05F4735 /* Pods-Finances-FinancesUITests.release.xcconfig */,
				F9D914F173EB4B9D317EFF08 /* Pods-FinancesTests.debug.xcconfig */,
				4834CFFD007E5102480A7299 /* Pods-FinancesTests.release.xcconfig */,
			);
			path = Pods;
			sourceTree = "<group>";
		};
		B0F9153CA3A6525AD247691F /* Frameworks */ = {
			isa = PBXGroup;
			children = (
				7ACE41FE9E6B39F93C9D0DD7 /* Pods_Finances.framework */,
				3135E6E64C744934CE2C1BFB /* Pods_Finances_FinancesUITests.framework */,
				2DF929F35368344F34AAA94A /* Pods_FinancesTests.framework */,
			);
			name = Frameworks;
			sourceTree = "<group>";
		};
/* End PBXGroup section */

/* Begin PBXNativeTarget section */
		54D08724253A4C6300C16D7C /* Finances */ = {
			isa = PBXNativeTarget;
			buildConfigurationList = 54D08752253A4C6400C16D7C /* Build configuration list for PBXNativeTarget "Finances" */;
			buildPhases = (
				12C1F6C499F767B8A6CC7971 /* [CP] Check Pods Manifest.lock */,
				54D08721253A4C6300C16D7C /* Sources */,
				54D08722253A4C6300C16D7C /* Frameworks */,
				54D08723253A4C6300C16D7C /* Resources */,
				4EBF481E749E06DFFDF2CFE1 /* [CP] Embed Pods Frameworks */,
			);
			buildRules = (
			);
			dependencies = (
			);
			name = Finances;
			productName = Finances;
			productReference = 54D08725253A4C6300C16D7C /* Finances.app */;
			productType = "com.apple.product-type.application";
		};
		54D0873D253A4C6400C16D7C /* FinancesTests */ = {
			isa = PBXNativeTarget;
			buildConfigurationList = 54D08755253A4C6400C16D7C /* Build configuration list for PBXNativeTarget "FinancesTests" */;
			buildPhases = (
				561A60BE6717918C2CB78CD2 /* [CP] Check Pods Manifest.lock */,
				54D0873A253A4C6400C16D7C /* Sources */,
				54D0873B253A4C6400C16D7C /* Frameworks */,
				54D0873C253A4C6400C16D7C /* Resources */,
			);
			buildRules = (
			);
			dependencies = (
				54D08740253A4C6400C16D7C /* PBXTargetDependency */,
			);
			name = FinancesTests;
			productName = FinancesTests;
			productReference = 54D0873E253A4C6400C16D7C /* FinancesTests.xctest */;
			productType = "com.apple.product-type.bundle.unit-test";
		};
		54D08748253A4C6400C16D7C /* FinancesUITests */ = {
			isa = PBXNativeTarget;
			buildConfigurationList = 54D08758253A4C6400C16D7C /* Build configuration list for PBXNativeTarget "FinancesUITests" */;
			buildPhases = (
				9BEF93882AC139EFB247E846 /* [CP] Check Pods Manifest.lock */,
				54D08745253A4C6400C16D7C /* Sources */,
				54D08746253A4C6400C16D7C /* Frameworks */,
				54D08747253A4C6400C16D7C /* Resources */,
				8982F3E1FC952EEBD071F9EE /* [CP] Embed Pods Frameworks */,
			);
			buildRules = (
			);
			dependencies = (
				54D0874B253A4C6400C16D7C /* PBXTargetDependency */,
			);
			name = FinancesUITests;
			productName = FinancesUITests;
			productReference = 54D08749253A4C6400C16D7C /* FinancesUITests.xctest */;
			productType = "com.apple.product-type.bundle.ui-testing";
		};
/* End PBXNativeTarget section */

/* Begin PBXProject section */
		54D0871D253A4C6300C16D7C /* Project object */ = {
			isa = PBXProject;
			attributes = {
				LastSwiftUpdateCheck = 1200;
				LastUpgradeCheck = 1200;
				TargetAttributes = {
					54D08724253A4C6300C16D7C = {
						CreatedOnToolsVersion = 12.0.1;
					};
					54D0873D253A4C6400C16D7C = {
						CreatedOnToolsVersion = 12.0.1;
						TestTargetID = 54D08724253A4C6300C16D7C;
					};
					54D08748253A4C6400C16D7C = {
						CreatedOnToolsVersion = 12.0.1;
						TestTargetID = 54D08724253A4C6300C16D7C;
					};
				};
			};
			buildConfigurationList = 54D08720253A4C6300C16D7C /* Build configuration list for PBXProject "Finances" */;
			compatibilityVersion = "Xcode 9.3";
			developmentRegion = en;
			hasScannedForEncodings = 0;
			knownRegions = (
				en,
				Base,
			);
			mainGroup = 54D0871C253A4C6300C16D7C;
			productRefGroup = 54D08726253A4C6300C16D7C /* Products */;
			projectDirPath = "";
			projectRoot = "";
			targets = (
				54D08724253A4C6300C16D7C /* Finances */,
				54D0873D253A4C6400C16D7C /* FinancesTests */,
				54D08748253A4C6400C16D7C /* FinancesUITests */,
			);
		};
/* End PBXProject section */

/* Begin PBXResourcesBuildPhase section */
		54D08723253A4C6300C16D7C /* Resources */ = {
			isa = PBXResourcesBuildPhase;
			buildActionMask = 2147483647;
			files = (
				54D08738253A4C6400C16D7C /* LaunchScreen.storyboard in Resources */,
				54868680253B84DD00A70E39 /* Settings.bundle in Resources */,
				54D08735253A4C6400C16D7C /* Assets.xcassets in Resources */,
			);
			runOnlyForDeploymentPostprocessing = 0;
		};
		54D0873C253A4C6400C16D7C /* Resources */ = {
			isa = PBXResourcesBuildPhase;
			buildActionMask = 2147483647;
			files = (
			);
			runOnlyForDeploymentPostprocessing = 0;
		};
		54D08747253A4C6400C16D7C /* Resources */ = {
			isa = PBXResourcesBuildPhase;
			buildActionMask = 2147483647;
			files = (
			);
			runOnlyForDeploymentPostprocessing = 0;
		};
/* End PBXResourcesBuildPhase section */

/* Begin PBXShellScriptBuildPhase section */
		12C1F6C499F767B8A6CC7971 /* [CP] Check Pods Manifest.lock */ = {
			isa = PBXShellScriptBuildPhase;
			buildActionMask = 2147483647;
			files = (
			);
			inputFileListPaths = (
			);
			inputPaths = (
				"${PODS_PODFILE_DIR_PATH}/Podfile.lock",
				"${PODS_ROOT}/Manifest.lock",
			);
			name = "[CP] Check Pods Manifest.lock";
			outputFileListPaths = (
			);
			outputPaths = (
				"$(DERIVED_FILE_DIR)/Pods-Finances-checkManifestLockResult.txt",
			);
			runOnlyForDeploymentPostprocessing = 0;
			shellPath = /bin/sh;
			shellScript = "diff \"${PODS_PODFILE_DIR_PATH}/Podfile.lock\" \"${PODS_ROOT}/Manifest.lock\" > /dev/null\nif [ $? != 0 ] ; then\n    # print error to STDERR\n    echo \"error: The sandbox is not in sync with the Podfile.lock. Run 'pod install' or update your CocoaPods installation.\" >&2\n    exit 1\nfi\n# This output is used by Xcode 'outputs' to avoid re-running this script phase.\necho \"SUCCESS\" > \"${SCRIPT_OUTPUT_FILE_0}\"\n";
			showEnvVarsInLog = 0;
		};
		4EBF481E749E06DFFDF2CFE1 /* [CP] Embed Pods Frameworks */ = {
			isa = PBXShellScriptBuildPhase;
			buildActionMask = 2147483647;
			files = (
			);
			inputFileListPaths = (
				"${PODS_ROOT}/Target Support Files/Pods-Finances/Pods-Finances-frameworks-${CONFIGURATION}-input-files.xcfilelist",
			);
			name = "[CP] Embed Pods Frameworks";
			outputFileListPaths = (
				"${PODS_ROOT}/Target Support Files/Pods-Finances/Pods-Finances-frameworks-${CONFIGURATION}-output-files.xcfilelist",
			);
			runOnlyForDeploymentPostprocessing = 0;
			shellPath = /bin/sh;
			shellScript = "\"${PODS_ROOT}/Target Support Files/Pods-Finances/Pods-Finances-frameworks.sh\"\n";
			showEnvVarsInLog = 0;
		};
		561A60BE6717918C2CB78CD2 /* [CP] Check Pods Manifest.lock */ = {
			isa = PBXShellScriptBuildPhase;
			buildActionMask = 2147483647;
			files = (
			);
			inputFileListPaths = (
			);
			inputPaths = (
				"${PODS_PODFILE_DIR_PATH}/Podfile.lock",
				"${PODS_ROOT}/Manifest.lock",
			);
			name = "[CP] Check Pods Manifest.lock";
			outputFileListPaths = (
			);
			outputPaths = (
				"$(DERIVED_FILE_DIR)/Pods-FinancesTests-checkManifestLockResult.txt",
			);
			runOnlyForDeploymentPostprocessing = 0;
			shellPath = /bin/sh;
			shellScript = "diff \"${PODS_PODFILE_DIR_PATH}/Podfile.lock\" \"${PODS_ROOT}/Manifest.lock\" > /dev/null\nif [ $? != 0 ] ; then\n    # print error to STDERR\n    echo \"error: The sandbox is not in sync with the Podfile.lock. Run 'pod install' or update your CocoaPods installation.\" >&2\n    exit 1\nfi\n# This output is used by Xcode 'outputs' to avoid re-running this script phase.\necho \"SUCCESS\" > \"${SCRIPT_OUTPUT_FILE_0}\"\n";
			showEnvVarsInLog = 0;
		};
		8982F3E1FC952EEBD071F9EE /* [CP] Embed Pods Frameworks */ = {
			isa = PBXShellScriptBuildPhase;
			buildActionMask = 2147483647;
			files = (
			);
			inputFileListPaths = (
				"${PODS_ROOT}/Target Support Files/Pods-Finances-FinancesUITests/Pods-Finances-FinancesUITests-frameworks-${CONFIGURATION}-input-files.xcfilelist",
			);
			name = "[CP] Embed Pods Frameworks";
			outputFileListPaths = (
				"${PODS_ROOT}/Target Support Files/Pods-Finances-FinancesUITests/Pods-Finances-FinancesUITests-frameworks-${CONFIGURATION}-output-files.xcfilelist",
			);
			runOnlyForDeploymentPostprocessing = 0;
			shellPath = /bin/sh;
			shellScript = "\"${PODS_ROOT}/Target Support Files/Pods-Finances-FinancesUITests/Pods-Finances-FinancesUITests-frameworks.sh\"\n";
			showEnvVarsInLog = 0;
		};
		9BEF93882AC139EFB247E846 /* [CP] Check Pods Manifest.lock */ = {
			isa = PBXShellScriptBuildPhase;
			buildActionMask = 2147483647;
			files = (
			);
			inputFileListPaths = (
			);
			inputPaths = (
				"${PODS_PODFILE_DIR_PATH}/Podfile.lock",
				"${PODS_ROOT}/Manifest.lock",
			);
			name = "[CP] Check Pods Manifest.lock";
			outputFileListPaths = (
			);
			outputPaths = (
				"$(DERIVED_FILE_DIR)/Pods-Finances-FinancesUITests-checkManifestLockResult.txt",
			);
			runOnlyForDeploymentPostprocessing = 0;
			shellPath = /bin/sh;
			shellScript = "diff \"${PODS_PODFILE_DIR_PATH}/Podfile.lock\" \"${PODS_ROOT}/Manifest.lock\" > /dev/null\nif [ $? != 0 ] ; then\n    # print error to STDERR\n    echo \"error: The sandbox is not in sync with the Podfile.lock. Run 'pod install' or update your CocoaPods installation.\" >&2\n    exit 1\nfi\n# This output is used by Xcode 'outputs' to avoid re-running this script phase.\necho \"SUCCESS\" > \"${SCRIPT_OUTPUT_FILE_0}\"\n";
			showEnvVarsInLog = 0;
		};
/* End PBXShellScriptBuildPhase section */

/* Begin PBXSourcesBuildPhase section */
		54D08721253A4C6300C16D7C /* Sources */ = {
			isa = PBXSourcesBuildPhase;
			buildActionMask = 2147483647;
			files = (
				54D08785253A51BE00C16D7C /* ViewControllerDelegate.swift in Sources */,
				54F7F8FD2544CF590008F778 /* TextField.swift in Sources */,
				54F99872253B719700349BC6 /* StackView+Extensions.swift in Sources */,
				54D08733253A4C6300C16D7C /* Finances.xcdatamodeld in Sources */,
				54D0872D253A4C6300C16D7C /* MainViewController.swift in Sources */,
				54F998C2253B73F300349BC6 /* UIApplication+Extensions.swift in Sources */,
				54F7F9272544E21C0008F778 /* NewItemPresentable.swift in Sources */,
				54868685253B855A00A70E39 /* Constants.swift in Sources */,
				5486868E253B98C900A70E39 /* Annotation.swift in Sources */,
				5486869B2543B21F00A70E39 /* TableViewController.swift in Sources */,
				5466AC3A253A523F00B852D7 /* TableViewCell.swift in Sources */,
				54D08729253A4C6300C16D7C /* AppDelegate.swift in Sources */,
				54D0877D253A517800C16D7C /* ViewController.swift in Sources */,
				54F99852253B6C8D00349BC6 /* ListViewController.swift in Sources */,
				54868695253FA5CC00A70E39 /* ListCell.swift in Sources */,
				54F7F9212544E1CB0008F778 /* NewItemViewModel.swift in Sources */,
				54F9985A253B6D4B00349BC6 /* MapViewController.swift in Sources */,
				54F7F8BF2544BEF80008F778 /* ListViewModel.swift in Sources */,
				54F9986A253B6DF500349BC6 /* AboutViewController.swift in Sources */,
				54F998C7253B827800349BC6 /* UIColor+Extensions.swift in Sources */,
				54F7F8F52544CF220008F778 /* NewItemViewController.swift in Sources */,
				54F7F8C62544BF320008F778 /* ListViewPresentable.swift in Sources */,
				54F7F90A2544E0BF0008F778 /* ItemModel.swift in Sources */,
				54F9985F253B6D9200349BC6 /* SettingsViewController.swift in Sources */,
				54F99871253B719700349BC6 /* UIView+Extensions.swift in Sources */,
			);
			runOnlyForDeploymentPostprocessing = 0;
		};
		54D0873A253A4C6400C16D7C /* Sources */ = {
			isa = PBXSourcesBuildPhase;
			buildActionMask = 2147483647;
			files = (
				54D08743253A4C6400C16D7C /* FinancesTests.swift in Sources */,
			);
			runOnlyForDeploymentPostprocessing = 0;
		};
		54D08745253A4C6400C16D7C /* Sources */ = {
			isa = PBXSourcesBuildPhase;
			buildActionMask = 2147483647;
			files = (
				54D0874E253A4C6400C16D7C /* FinancesUITests.swift in Sources */,
			);
			runOnlyForDeploymentPostprocessing = 0;
		};
/* End PBXSourcesBuildPhase section */

/* Begin PBXTargetDependency section */
		54D08740253A4C6400C16D7C /* PBXTargetDependency */ = {
			isa = PBXTargetDependency;
			target = 54D08724253A4C6300C16D7C /* Finances */;
			targetProxy = 54D0873F253A4C6400C16D7C /* PBXContainerItemProxy */;
		};
		54D0874B253A4C6400C16D7C /* PBXTargetDependency */ = {
			isa = PBXTargetDependency;
			target = 54D08724253A4C6300C16D7C /* Finances */;
			targetProxy = 54D0874A253A4C6400C16D7C /* PBXContainerItemProxy */;
		};
/* End PBXTargetDependency section */

/* Begin PBXVariantGroup section */
		54D08736253A4C6400C16D7C /* LaunchScreen.storyboard */ = {
			isa = PBXVariantGroup;
			children = (
				54D08737253A4C6400C16D7C /* Base */,
			);
			name = LaunchScreen.storyboard;
			sourceTree = "<group>";
		};
/* End PBXVariantGroup section */

/* Begin XCBuildConfiguration section */
		54D08750253A4C6400C16D7C /* Debug */ = {
			isa = XCBuildConfiguration;
			buildSettings = {
				ALWAYS_SEARCH_USER_PATHS = NO;
				CLANG_ANALYZER_NONNULL = YES;
				CLANG_ANALYZER_NUMBER_OBJECT_CONVERSION = YES_AGGRESSIVE;
				CLANG_CXX_LANGUAGE_STANDARD = "gnu++14";
				CLANG_CXX_LIBRARY = "libc++";
				CLANG_ENABLE_MODULES = YES;
				CLANG_ENABLE_OBJC_ARC = YES;
				CLANG_ENABLE_OBJC_WEAK = YES;
				CLANG_WARN_BLOCK_CAPTURE_AUTORELEASING = YES;
				CLANG_WARN_BOOL_CONVERSION = YES;
				CLANG_WARN_COMMA = YES;
				CLANG_WARN_CONSTANT_CONVERSION = YES;
				CLANG_WARN_DEPRECATED_OBJC_IMPLEMENTATIONS = YES;
				CLANG_WARN_DIRECT_OBJC_ISA_USAGE = YES_ERROR;
				CLANG_WARN_DOCUMENTATION_COMMENTS = YES;
				CLANG_WARN_EMPTY_BODY = YES;
				CLANG_WARN_ENUM_CONVERSION = YES;
				CLANG_WARN_INFINITE_RECURSION = YES;
				CLANG_WARN_INT_CONVERSION = YES;
				CLANG_WARN_NON_LITERAL_NULL_CONVERSION = YES;
				CLANG_WARN_OBJC_IMPLICIT_RETAIN_SELF = YES;
				CLANG_WARN_OBJC_LITERAL_CONVERSION = YES;
				CLANG_WARN_OBJC_ROOT_CLASS = YES_ERROR;
				CLANG_WARN_QUOTED_INCLUDE_IN_FRAMEWORK_HEADER = YES;
				CLANG_WARN_RANGE_LOOP_ANALYSIS = YES;
				CLANG_WARN_STRICT_PROTOTYPES = YES;
				CLANG_WARN_SUSPICIOUS_MOVE = YES;
				CLANG_WARN_UNGUARDED_AVAILABILITY = YES_AGGRESSIVE;
				CLANG_WARN_UNREACHABLE_CODE = YES;
				CLANG_WARN__DUPLICATE_METHOD_MATCH = YES;
				COPY_PHASE_STRIP = NO;
				DEBUG_INFORMATION_FORMAT = dwarf;
				ENABLE_STRICT_OBJC_MSGSEND = YES;
				ENABLE_TESTABILITY = YES;
				GCC_C_LANGUAGE_STANDARD = gnu11;
				GCC_DYNAMIC_NO_PIC = NO;
				GCC_NO_COMMON_BLOCKS = YES;
				GCC_OPTIMIZATION_LEVEL = 0;
				GCC_PREPROCESSOR_DEFINITIONS = (
					"DEBUG=1",
					"$(inherited)",
				);
				GCC_WARN_64_TO_32_BIT_CONVERSION = YES;
				GCC_WARN_ABOUT_RETURN_TYPE = YES_ERROR;
				GCC_WARN_UNDECLARED_SELECTOR = YES;
				GCC_WARN_UNINITIALIZED_AUTOS = YES_AGGRESSIVE;
				GCC_WARN_UNUSED_FUNCTION = YES;
				GCC_WARN_UNUSED_VARIABLE = YES;
				IPHONEOS_DEPLOYMENT_TARGET = 14.0;
				MTL_ENABLE_DEBUG_INFO = INCLUDE_SOURCE;
				MTL_FAST_MATH = YES;
				ONLY_ACTIVE_ARCH = YES;
				SDKROOT = iphoneos;
				SWIFT_ACTIVE_COMPILATION_CONDITIONS = DEBUG;
				SWIFT_OPTIMIZATION_LEVEL = "-Onone";
			};
			name = Debug;
		};
		54D08751253A4C6400C16D7C /* Release */ = {
			isa = XCBuildConfiguration;
			buildSettings = {
				ALWAYS_SEARCH_USER_PATHS = NO;
				CLANG_ANALYZER_NONNULL = YES;
				CLANG_ANALYZER_NUMBER_OBJECT_CONVERSION = YES_AGGRESSIVE;
				CLANG_CXX_LANGUAGE_STANDARD = "gnu++14";
				CLANG_CXX_LIBRARY = "libc++";
				CLANG_ENABLE_MODULES = YES;
				CLANG_ENABLE_OBJC_ARC = YES;
				CLANG_ENABLE_OBJC_WEAK = YES;
				CLANG_WARN_BLOCK_CAPTURE_AUTORELEASING = YES;
				CLANG_WARN_BOOL_CONVERSION = YES;
				CLANG_WARN_COMMA = YES;
				CLANG_WARN_CONSTANT_CONVERSION = YES;
				CLANG_WARN_DEPRECATED_OBJC_IMPLEMENTATIONS = YES;
				CLANG_WARN_DIRECT_OBJC_ISA_USAGE = YES_ERROR;
				CLANG_WARN_DOCUMENTATION_COMMENTS = YES;
				CLANG_WARN_EMPTY_BODY = YES;
				CLANG_WARN_ENUM_CONVERSION = YES;
				CLANG_WARN_INFINITE_RECURSION = YES;
				CLANG_WARN_INT_CONVERSION = YES;
				CLANG_WARN_NON_LITERAL_NULL_CONVERSION = YES;
				CLANG_WARN_OBJC_IMPLICIT_RETAIN_SELF = YES;
				CLANG_WARN_OBJC_LITERAL_CONVERSION = YES;
				CLANG_WARN_OBJC_ROOT_CLASS = YES_ERROR;
				CLANG_WARN_QUOTED_INCLUDE_IN_FRAMEWORK_HEADER = YES;
				CLANG_WARN_RANGE_LOOP_ANALYSIS = YES;
				CLANG_WARN_STRICT_PROTOTYPES = YES;
				CLANG_WARN_SUSPICIOUS_MOVE = YES;
				CLANG_WARN_UNGUARDED_AVAILABILITY = YES_AGGRESSIVE;
				CLANG_WARN_UNREACHABLE_CODE = YES;
				CLANG_WARN__DUPLICATE_METHOD_MATCH = YES;
				COPY_PHASE_STRIP = NO;
				DEBUG_INFORMATION_FORMAT = "dwarf-with-dsym";
				ENABLE_NS_ASSERTIONS = NO;
				ENABLE_STRICT_OBJC_MSGSEND = YES;
				GCC_C_LANGUAGE_STANDARD = gnu11;
				GCC_NO_COMMON_BLOCKS = YES;
				GCC_WARN_64_TO_32_BIT_CONVERSION = YES;
				GCC_WARN_ABOUT_RETURN_TYPE = YES_ERROR;
				GCC_WARN_UNDECLARED_SELECTOR = YES;
				GCC_WARN_UNINITIALIZED_AUTOS = YES_AGGRESSIVE;
				GCC_WARN_UNUSED_FUNCTION = YES;
				GCC_WARN_UNUSED_VARIABLE = YES;
				IPHONEOS_DEPLOYMENT_TARGET = 14.0;
				MTL_ENABLE_DEBUG_INFO = NO;
				MTL_FAST_MATH = YES;
				SDKROOT = iphoneos;
				SWIFT_COMPILATION_MODE = wholemodule;
				SWIFT_OPTIMIZATION_LEVEL = "-O";
				VALIDATE_PRODUCT = YES;
			};
			name = Release;
		};
		54D08753253A4C6400C16D7C /* Debug */ = {
			isa = XCBuildConfiguration;
			baseConfigurationReference = 566C8FAB8BA9BD4FFDFCF64C /* Pods-Finances.debug.xcconfig */;
			buildSettings = {
				ASSETCATALOG_COMPILER_APPICON_NAME = AppIcon;
				ASSETCATALOG_COMPILER_GLOBAL_ACCENT_COLOR_NAME = AccentColor;
				CODE_SIGN_STYLE = Automatic;
				DEVELOPMENT_TEAM = "";
				INFOPLIST_FILE = Finances/Info.plist;
				LD_RUNPATH_SEARCH_PATHS = (
					"$(inherited)",
					"@executable_path/Frameworks",
				);
				PRODUCT_BUNDLE_IDENTIFIER = br.com.meteixeira.Finances;
				PRODUCT_NAME = "$(TARGET_NAME)";
				SWIFT_VERSION = 5.0;
				TARGETED_DEVICE_FAMILY = "1,2";
			};
			name = Debug;
		};
		54D08754253A4C6400C16D7C /* Release */ = {
			isa = XCBuildConfiguration;
			baseConfigurationReference = 154DB9D9528632F102EEB3E4 /* Pods-Finances.release.xcconfig */;
			buildSettings = {
				ASSETCATALOG_COMPILER_APPICON_NAME = AppIcon;
				ASSETCATALOG_COMPILER_GLOBAL_ACCENT_COLOR_NAME = AccentColor;
				CODE_SIGN_STYLE = Automatic;
				DEVELOPMENT_TEAM = "";
				INFOPLIST_FILE = Finances/Info.plist;
				LD_RUNPATH_SEARCH_PATHS = (
					"$(inherited)",
					"@executable_path/Frameworks",
				);
				PRODUCT_BUNDLE_IDENTIFIER = br.com.meteixeira.Finances;
				PRODUCT_NAME = "$(TARGET_NAME)";
				SWIFT_VERSION = 5.0;
				TARGETED_DEVICE_FAMILY = "1,2";
			};
			name = Release;
		};
		54D08756253A4C6400C16D7C /* Debug */ = {
			isa = XCBuildConfiguration;
			baseConfigurationReference = F9D914F173EB4B9D317EFF08 /* Pods-FinancesTests.debug.xcconfig */;
			buildSettings = {
				ALWAYS_EMBED_SWIFT_STANDARD_LIBRARIES = YES;
				BUNDLE_LOADER = "$(TEST_HOST)";
				CODE_SIGN_STYLE = Automatic;
				INFOPLIST_FILE = FinancesTests/Info.plist;
				IPHONEOS_DEPLOYMENT_TARGET = 14.0;
				LD_RUNPATH_SEARCH_PATHS = (
					"$(inherited)",
					"@executable_path/Frameworks",
					"@loader_path/Frameworks",
				);
				PRODUCT_BUNDLE_IDENTIFIER = br.com.meteixeira.FinancesTests;
				PRODUCT_NAME = "$(TARGET_NAME)";
				SWIFT_VERSION = 5.0;
				TARGETED_DEVICE_FAMILY = "1,2";
				TEST_HOST = "$(BUILT_PRODUCTS_DIR)/Finances.app/Finances";
			};
			name = Debug;
		};
		54D08757253A4C6400C16D7C /* Release */ = {
			isa = XCBuildConfiguration;
			baseConfigurationReference = 4834CFFD007E5102480A7299 /* Pods-FinancesTests.release.xcconfig */;
			buildSettings = {
				ALWAYS_EMBED_SWIFT_STANDARD_LIBRARIES = YES;
				BUNDLE_LOADER = "$(TEST_HOST)";
				CODE_SIGN_STYLE = Automatic;
				INFOPLIST_FILE = FinancesTests/Info.plist;
				IPHONEOS_DEPLOYMENT_TARGET = 14.0;
				LD_RUNPATH_SEARCH_PATHS = (
					"$(inherited)",
					"@executable_path/Frameworks",
					"@loader_path/Frameworks",
				);
				PRODUCT_BUNDLE_IDENTIFIER = br.com.meteixeira.FinancesTests;
				PRODUCT_NAME = "$(TARGET_NAME)";
				SWIFT_VERSION = 5.0;
				TARGETED_DEVICE_FAMILY = "1,2";
				TEST_HOST = "$(BUILT_PRODUCTS_DIR)/Finances.app/Finances";
			};
			name = Release;
		};
		54D08759253A4C6400C16D7C /* Debug */ = {
			isa = XCBuildConfiguration;
			baseConfigurationReference = FF41FB874CE13596B3CCBC06 /* Pods-Finances-FinancesUITests.debug.xcconfig */;
			buildSettings = {
				ALWAYS_EMBED_SWIFT_STANDARD_LIBRARIES = YES;
				CODE_SIGN_STYLE = Automatic;
				INFOPLIST_FILE = FinancesUITests/Info.plist;
				LD_RUNPATH_SEARCH_PATHS = (
					"$(inherited)",
					"@executable_path/Frameworks",
					"@loader_path/Frameworks",
				);
				PRODUCT_BUNDLE_IDENTIFIER = br.com.meteixeira.FinancesUITests;
				PRODUCT_NAME = "$(TARGET_NAME)";
				SWIFT_VERSION = 5.0;
				TARGETED_DEVICE_FAMILY = "1,2";
				TEST_TARGET_NAME = Finances;
			};
			name = Debug;
		};
		54D0875A253A4C6400C16D7C /* Release */ = {
			isa = XCBuildConfiguration;
			baseConfigurationReference = 27BB0DD49C4A2533F05F4735 /* Pods-Finances-FinancesUITests.release.xcconfig */;
			buildSettings = {
				ALWAYS_EMBED_SWIFT_STANDARD_LIBRARIES = YES;
				CODE_SIGN_STYLE = Automatic;
				INFOPLIST_FILE = FinancesUITests/Info.plist;
				LD_RUNPATH_SEARCH_PATHS = (
					"$(inherited)",
					"@executable_path/Frameworks",
					"@loader_path/Frameworks",
				);
				PRODUCT_BUNDLE_IDENTIFIER = br.com.meteixeira.FinancesUITests;
				PRODUCT_NAME = "$(TARGET_NAME)";
				SWIFT_VERSION = 5.0;
				TARGETED_DEVICE_FAMILY = "1,2";
				TEST_TARGET_NAME = Finances;
			};
			name = Release;
		};
/* End XCBuildConfiguration section */

/* Begin XCConfigurationList section */
		54D08720253A4C6300C16D7C /* Build configuration list for PBXProject "Finances" */ = {
			isa = XCConfigurationList;
			buildConfigurations = (
				54D08750253A4C6400C16D7C /* Debug */,
				54D08751253A4C6400C16D7C /* Release */,
			);
			defaultConfigurationIsVisible = 0;
			defaultConfigurationName = Release;
		};
		54D08752253A4C6400C16D7C /* Build configuration list for PBXNativeTarget "Finances" */ = {
			isa = XCConfigurationList;
			buildConfigurations = (
				54D08753253A4C6400C16D7C /* Debug */,
				54D08754253A4C6400C16D7C /* Release */,
			);
			defaultConfigurationIsVisible = 0;
			defaultConfigurationName = Release;
		};
		54D08755253A4C6400C16D7C /* Build configuration list for PBXNativeTarget "FinancesTests" */ = {
			isa = XCConfigurationList;
			buildConfigurations = (
				54D08756253A4C6400C16D7C /* Debug */,
				54D08757253A4C6400C16D7C /* Release */,
			);
			defaultConfigurationIsVisible = 0;
			defaultConfigurationName = Release;
		};
		54D08758253A4C6400C16D7C /* Build configuration list for PBXNativeTarget "FinancesUITests" */ = {
			isa = XCConfigurationList;
			buildConfigurations = (
				54D08759253A4C6400C16D7C /* Debug */,
				54D0875A253A4C6400C16D7C /* Release */,
			);
			defaultConfigurationIsVisible = 0;
			defaultConfigurationName = Release;
		};
/* End XCConfigurationList section */

/* Begin XCVersionGroup section */
		54D08731253A4C6300C16D7C /* Finances.xcdatamodeld */ = {
			isa = XCVersionGroup;
			children = (
				54D08732253A4C6300C16D7C /* Finances.xcdatamodel */,
			);
			currentVersion = 54D08732253A4C6300C16D7C /* Finances.xcdatamodel */;
			path = Finances.xcdatamodeld;
			sourceTree = "<group>";
			versionGroupType = wrapper.xcdatamodel;
		};
/* End XCVersionGroup section */
	};
	rootObject = 54D0871D253A4C6300C16D7C /* Project object */;
}
